
Microsoft Visual Studio Solution File, Format Version 12.00
# Visual Studio Version 17
VisualStudioVersion = 17.10.35013.160
MinimumVisualStudioVersion = 10.0.40219.1
Project("{9A19103F-16F7-4668-BE54-9A1E7A4F7556}") = "ServiceTrack.Api", "ServiceTrack.Api\ServiceTrack.Api.csproj", "{20B66D68-8617-459C-96E4-E401C9843579}"
EndProject
Project("{FAE04EC0-301F-11D3-BF4B-00C04F79EFBC}") = "ServiceTrack.Data", "ServiceTrack.Data\ServiceTrack.Data.csproj", "{13ABC419-3514-490C-AC43-BA7E88F22832}"
EndProject
Project("{FAE04EC0-301F-11D3-BF4B-00C04F79EFBC}") = "ServiceTrack.Application", "ServiceTrack.Application\ServiceTrack.Application.csproj", "{DC4CEC9B-5EC0-428B-B880-484175DEEFAD}"
EndProject
Global
	GlobalSection(SolutionConfigurationPlatforms) = preSolution
		Debug|Any CPU = Debug|Any CPU
		Release|Any CPU = Release|Any CPU
	EndGlobalSection
	GlobalSection(ProjectConfigurationPlatforms) = postSolution
		{20B66D68-8617-459C-96E4-E401C9843579}.Debug|Any CPU.ActiveCfg = Debug|Any CPU
		{20B66D68-8617-459C-96E4-E401C9843579}.Debug|Any CPU.Build.0 = Debug|Any CPU
		{20B66D68-8617-459C-96E4-E401C9843579}.Release|Any CPU.ActiveCfg = Release|Any CPU
		{20B66D68-8617-459C-96E4-E401C9843579}.Release|Any CPU.Build.0 = Release|Any CPU
		{13ABC419-3514-490C-AC43-BA7E88F22832}.Debug|Any CPU.ActiveCfg = Debug|Any CPU
		{13ABC419-3514-490C-AC43-BA7E88F22832}.Debug|Any CPU.Build.0 = Debug|Any CPU
		{13ABC419-3514-490C-AC43-BA7E88F22832}.Release|Any CPU.ActiveCfg = Release|Any CPU
		{13ABC419-3514-490C-AC43-BA7E88F22832}.Release|Any CPU.Build.0 = Release|Any CPU
		{B87989B1-B6DA-4E80-9F98-9B92F0791F64}.Debug|Any CPU.ActiveCfg = Debug|Any CPU
		{B87989B1-B6DA-4E80-9F98-9B92F0791F64}.Debug|Any CPU.Build.0 = Debug|Any CPU
		{B87989B1-B6DA-4E80-9F98-9B92F0791F64}.Release|Any CPU.ActiveCfg = Release|Any CPU
		{B87989B1-B6DA-4E80-9F98-9B92F0791F64}.Release|Any CPU.Build.0 = Release|Any CPU
	EndGlobalSection
	GlobalSection(SolutionProperties) = preSolution
		HideSolutionNode = FALSE
	EndGlobalSection
	GlobalSection(ExtensibilityGlobals) = postSolution
		SolutionGuid = {2FB745D5-D07E-4566-AC72-9CFA648180B7}
	EndGlobalSection
EndGlobal
